
Microsoft Visual Studio Solution File, Format Version 12.00
# Visual Studio Version 17
VisualStudioVersion = 17.0.31903.59
MinimumVisualStudioVersion = 10.0.40219.1
Project("{FAE04EC0-301F-11D3-BF4B-00C04F79EFBC}") = "MyService", "MyService.csproj", "{C2769077-50ED-436A-AE6E-4E5EA06F87AF}"
EndProject
Global
	GlobalSection(SolutionConfigurationPlatforms) = preSolution
		Debug|Any CPU = Debug|Any CPU
		Release|Any CPU = Release|Any CPU
	EndGlobalSection
	GlobalSection(ProjectConfigurationPlatforms) = postSolution
		{C2769077-50ED-436A-AE6E-4E5EA06F87AF}.Debug|Any CPU.ActiveCfg = Debug|Any CPU
		{C2769077-50ED-436A-AE6E-4E5EA06F87AF}.Debug|Any CPU.Build.0 = Debug|Any CPU
		{C2769077-50ED-436A-AE6E-4E5EA06F87AF}.Release|Any CPU.ActiveCfg = Release|Any CPU
		{C2769077-50ED-436A-AE6E-4E5EA06F87AF}.Release|Any CPU.Build.0 = Release|Any CPU
	EndGlobalSection
	GlobalSection(SolutionProperties) = preSolution
		HideSolutionNode = FALSE
	EndGlobalSection
	GlobalSection(ExtensibilityGlobals) = postSolution
		SolutionGuid = {53E50797-8C4B-4A39-9E30-9861671552F8}
	EndGlobalSection
EndGlobal
